// !$*UTF8*$!
{
	archiveVersion = 1;
	classes = {
	};
	objectVersion = 46;
	objects = {

/* Begin PBXBuildFile section */
		4CA9B404A4AE79DE1CB3CA83 /* Pods_FitApp.framework in Frameworks */ = {isa = PBXBuildFile; fileRef = 86B0239018E8BCCD4F031F37 /* Pods_FitApp.framework */; };
		A4062B731EABEED3008E2C77 /* AppDelegate.swift in Sources */ = {isa = PBXBuildFile; fileRef = A4062B721EABEED3008E2C77 /* AppDelegate.swift */; };
		A4062B781EABEED3008E2C77 /* Main.storyboard in Resources */ = {isa = PBXBuildFile; fileRef = A4062B761EABEED3008E2C77 /* Main.storyboard */; };
		A4062B7A1EABEED3008E2C77 /* Assets.xcassets in Resources */ = {isa = PBXBuildFile; fileRef = A4062B791EABEED3008E2C77 /* Assets.xcassets */; };
		A4062B7D1EABEED3008E2C77 /* LaunchScreen.storyboard in Resources */ = {isa = PBXBuildFile; fileRef = A4062B7B1EABEED3008E2C77 /* LaunchScreen.storyboard */; };
		A408AFF81EB1FE6C001D5130 /* SelectedActivityTableViewController.swift in Sources */ = {isa = PBXBuildFile; fileRef = A408AFF71EB1FE6C001D5130 /* SelectedActivityTableViewController.swift */; };
		A408AFFA1EB1FEA6001D5130 /* CreateMealTableViewController.swift in Sources */ = {isa = PBXBuildFile; fileRef = A408AFF91EB1FEA6001D5130 /* CreateMealTableViewController.swift */; };
		A408AFFC1EB1FF13001D5130 /* SelectedFoodTableViewController.swift in Sources */ = {isa = PBXBuildFile; fileRef = A408AFFB1EB1FF13001D5130 /* SelectedFoodTableViewController.swift */; };
		A408AFFF1EB211BF001D5130 /* LoadJSONFood.swift in Sources */ = {isa = PBXBuildFile; fileRef = A408AFFE1EB211BF001D5130 /* LoadJSONFood.swift */; };
		A408B0031EB23CF9001D5130 /* RealmClassForStofingDailyData.swift in Sources */ = {isa = PBXBuildFile; fileRef = A408B0021EB23CF9001D5130 /* RealmClassForStofingDailyData.swift */; };
		A40DF26A1EB1EEE400754585 /* AddFoodTableViewController.swift in Sources */ = {isa = PBXBuildFile; fileRef = A40DF2691EB1EEE400754585 /* AddFoodTableViewController.swift */; };
		A425E91C1EACC0CB0067DAE4 /* CreateActivityTableViewController.swift in Sources */ = {isa = PBXBuildFile; fileRef = A425E91B1EACC0CB0067DAE4 /* CreateActivityTableViewController.swift */; };
		A425E91E1EACC9D30067DAE4 /* ActivityTableViewCell.swift in Sources */ = {isa = PBXBuildFile; fileRef = A425E91D1EACC9D30067DAE4 /* ActivityTableViewCell.swift */; };
		A425E9221EACE23C0067DAE4 /* LoadJSONActivities.swift in Sources */ = {isa = PBXBuildFile; fileRef = A425E9211EACE23C0067DAE4 /* LoadJSONActivities.swift */; };
		A44CFF221EAFB4AD000E8FCA /* Try.json in Resources */ = {isa = PBXBuildFile; fileRef = A44CFF211EAFB4AD000E8FCA /* Try.json */; };
		A44CFF6E1EB14970000E8FCA /* FoodClass.swift in Sources */ = {isa = PBXBuildFile; fileRef = A44CFF6D1EB14970000E8FCA /* FoodClass.swift */; };
		A44CFF701EB1498E000E8FCA /* Food.json in Resources */ = {isa = PBXBuildFile; fileRef = A44CFF6F1EB1498E000E8FCA /* Food.json */; };
		A48303671EABF3CB004A11E3 /* ActivitiesBase.json in Resources */ = {isa = PBXBuildFile; fileRef = A48303661EABF3CB004A11E3 /* ActivitiesBase.json */; };
		A483036A1EABF429004A11E3 /* AddActivityTableViewController.swift in Sources */ = {isa = PBXBuildFile; fileRef = A48303691EABF429004A11E3 /* AddActivityTableViewController.swift */; };
		ED004D461EBA803100A331DB /* UserProfileClass.swift in Sources */ = {isa = PBXBuildFile; fileRef = ED004D441EBA803100A331DB /* UserProfileClass.swift */; };
		ED004D471EBA803100A331DB /* UserProfileTableViewController.swift in Sources */ = {isa = PBXBuildFile; fileRef = ED004D451EBA803100A331DB /* UserProfileTableViewController.swift */; };
		ED004D4E1EBA807200A331DB /* FoodTableViewCell.swift in Sources */ = {isa = PBXBuildFile; fileRef = ED004D491EBA807200A331DB /* FoodTableViewCell.swift */; };
		ED004D4F1EBA807200A331DB /* HomeActivityTableViewCell.swift in Sources */ = {isa = PBXBuildFile; fileRef = ED004D4A1EBA807200A331DB /* HomeActivityTableViewCell.swift */; };
		ED004D501EBA807200A331DB /* ResultsTableViewController.swift in Sources */ = {isa = PBXBuildFile; fileRef = ED004D4B1EBA807200A331DB /* ResultsTableViewController.swift */; };
		ED004D511EBA807200A331DB /* StartProfileTableViewController.swift in Sources */ = {isa = PBXBuildFile; fileRef = ED004D4C1EBA807200A331DB /* StartProfileTableViewController.swift */; };
		ED004D521EBA807200A331DB /* StartScreenViewController.swift in Sources */ = {isa = PBXBuildFile; fileRef = ED004D4D1EBA807200A331DB /* StartScreenViewController.swift */; };
		ED1EC36D1EBA778000BE2158 /* ViewController.swift in Sources */ = {isa = PBXBuildFile; fileRef = ED1EC36C1EBA778000BE2158 /* ViewController.swift */; };
		ED1EC36F1EBA77AC00BE2158 /* ActivitiesClass.swift in Sources */ = {isa = PBXBuildFile; fileRef = ED1EC36E1EBA77AC00BE2158 /* ActivitiesClass.swift */; };
		ED1EC3761EBA77C600BE2158 /* CalendarPopUp.swift in Sources */ = {isa = PBXBuildFile; fileRef = ED1EC3701EBA77C600BE2158 /* CalendarPopUp.swift */; };
		ED1EC3771EBA77C600BE2158 /* CalendarPopUp.xib in Resources */ = {isa = PBXBuildFile; fileRef = ED1EC3711EBA77C600BE2158 /* CalendarPopUp.xib */; };
		ED1EC3781EBA77C600BE2158 /* CellView.swift in Sources */ = {isa = PBXBuildFile; fileRef = ED1EC3721EBA77C600BE2158 /* CellView.swift */; };
		ED1EC3791EBA77C600BE2158 /* CellView.xib in Resources */ = {isa = PBXBuildFile; fileRef = ED1EC3731EBA77C600BE2158 /* CellView.xib */; };
		ED1EC37A1EBA77C600BE2158 /* Extensions.swift in Sources */ = {isa = PBXBuildFile; fileRef = ED1EC3741EBA77C600BE2158 /* Extensions.swift */; };
		ED1EC37B1EBA77C600BE2158 /* PopupContainer.swift in Sources */ = {isa = PBXBuildFile; fileRef = ED1EC3751EBA77C600BE2158 /* PopupContainer.swift */; };
		ED1EC37D1EBA77F000BE2158 /* AnimationClass.swift in Sources */ = {isa = PBXBuildFile; fileRef = ED1EC37C1EBA77F000BE2158 /* AnimationClass.swift */; };
/* End PBXBuildFile section */

/* Begin PBXFileReference section */
		5D0D4F7FF1E3DC0075F5ED69 /* Pods-FitApp.debug.xcconfig */ = {isa = PBXFileReference; includeInIndex = 1; lastKnownFileType = text.xcconfig; name = "Pods-FitApp.debug.xcconfig"; path = "Pods/Target Support Files/Pods-FitApp/Pods-FitApp.debug.xcconfig"; sourceTree = "<group>"; };
		86B0239018E8BCCD4F031F37 /* Pods_FitApp.framework */ = {isa = PBXFileReference; explicitFileType = wrapper.framework; includeInIndex = 0; path = Pods_FitApp.framework; sourceTree = BUILT_PRODUCTS_DIR; };
		97DFD53F004F3F45AF2AE5C4 /* Pods-FitApp.release.xcconfig */ = {isa = PBXFileReference; includeInIndex = 1; lastKnownFileType = text.xcconfig; name = "Pods-FitApp.release.xcconfig"; path = "Pods/Target Support Files/Pods-FitApp/Pods-FitApp.release.xcconfig"; sourceTree = "<group>"; };
		A4062B6F1EABEED3008E2C77 /* FitApp.app */ = {isa = PBXFileReference; explicitFileType = wrapper.application; includeInIndex = 0; path = FitApp.app; sourceTree = BUILT_PRODUCTS_DIR; };
		A4062B721EABEED3008E2C77 /* AppDelegate.swift */ = {isa = PBXFileReference; lastKnownFileType = sourcecode.swift; path = AppDelegate.swift; sourceTree = "<group>"; };
		A4062B771EABEED3008E2C77 /* Base */ = {isa = PBXFileReference; lastKnownFileType = file.storyboard; name = Base; path = Base.lproj/Main.storyboard; sourceTree = "<group>"; };
		A4062B791EABEED3008E2C77 /* Assets.xcassets */ = {isa = PBXFileReference; lastKnownFileType = folder.assetcatalog; path = Assets.xcassets; sourceTree = "<group>"; };
		A4062B7C1EABEED3008E2C77 /* Base */ = {isa = PBXFileReference; lastKnownFileType = file.storyboard; name = Base; path = Base.lproj/LaunchScreen.storyboard; sourceTree = "<group>"; };
		A4062B7E1EABEED3008E2C77 /* Info.plist */ = {isa = PBXFileReference; lastKnownFileType = text.plist.xml; path = Info.plist; sourceTree = "<group>"; };
		A408AFF71EB1FE6C001D5130 /* SelectedActivityTableViewController.swift */ = {isa = PBXFileReference; fileEncoding = 4; lastKnownFileType = sourcecode.swift; path = SelectedActivityTableViewController.swift; sourceTree = "<group>"; };
		A408AFF91EB1FEA6001D5130 /* CreateMealTableViewController.swift */ = {isa = PBXFileReference; fileEncoding = 4; lastKnownFileType = sourcecode.swift; path = CreateMealTableViewController.swift; sourceTree = "<group>"; };
		A408AFFB1EB1FF13001D5130 /* SelectedFoodTableViewController.swift */ = {isa = PBXFileReference; fileEncoding = 4; lastKnownFileType = sourcecode.swift; path = SelectedFoodTableViewController.swift; sourceTree = "<group>"; };
		A408AFFE1EB211BF001D5130 /* LoadJSONFood.swift */ = {isa = PBXFileReference; fileEncoding = 4; lastKnownFileType = sourcecode.swift; path = LoadJSONFood.swift; sourceTree = "<group>"; };
		A408B0021EB23CF9001D5130 /* RealmClassForStofingDailyData.swift */ = {isa = PBXFileReference; fileEncoding = 4; lastKnownFileType = sourcecode.swift; path = RealmClassForStofingDailyData.swift; sourceTree = "<group>"; };
		A40DF2691EB1EEE400754585 /* AddFoodTableViewController.swift */ = {isa = PBXFileReference; fileEncoding = 4; lastKnownFileType = sourcecode.swift; path = AddFoodTableViewController.swift; sourceTree = "<group>"; };
		A425E91B1EACC0CB0067DAE4 /* CreateActivityTableViewController.swift */ = {isa = PBXFileReference; fileEncoding = 4; lastKnownFileType = sourcecode.swift; path = CreateActivityTableViewController.swift; sourceTree = "<group>"; };
		A425E91D1EACC9D30067DAE4 /* ActivityTableViewCell.swift */ = {isa = PBXFileReference; fileEncoding = 4; lastKnownFileType = sourcecode.swift; path = ActivityTableViewCell.swift; sourceTree = "<group>"; };
		A425E9211EACE23C0067DAE4 /* LoadJSONActivities.swift */ = {isa = PBXFileReference; fileEncoding = 4; lastKnownFileType = sourcecode.swift; path = LoadJSONActivities.swift; sourceTree = "<group>"; };
		A44CFF211EAFB4AD000E8FCA /* Try.json */ = {isa = PBXFileReference; fileEncoding = 4; lastKnownFileType = text.json; path = Try.json; sourceTree = "<group>"; };
		A44CFF6D1EB14970000E8FCA /* FoodClass.swift */ = {isa = PBXFileReference; fileEncoding = 4; lastKnownFileType = sourcecode.swift; path = FoodClass.swift; sourceTree = "<group>"; };
		A44CFF6F1EB1498E000E8FCA /* Food.json */ = {isa = PBXFileReference; fileEncoding = 4; lastKnownFileType = text.json; path = Food.json; sourceTree = "<group>"; };
		A48303661EABF3CB004A11E3 /* ActivitiesBase.json */ = {isa = PBXFileReference; fileEncoding = 4; lastKnownFileType = text.json; path = ActivitiesBase.json; sourceTree = "<group>"; };
		A48303691EABF429004A11E3 /* AddActivityTableViewController.swift */ = {isa = PBXFileReference; fileEncoding = 4; lastKnownFileType = sourcecode.swift; path = AddActivityTableViewController.swift; sourceTree = "<group>"; };
		ED004D441EBA803100A331DB /* UserProfileClass.swift */ = {isa = PBXFileReference; fileEncoding = 4; lastKnownFileType = sourcecode.swift; path = UserProfileClass.swift; sourceTree = "<group>"; };
		ED004D451EBA803100A331DB /* UserProfileTableViewController.swift */ = {isa = PBXFileReference; fileEncoding = 4; lastKnownFileType = sourcecode.swift; path = UserProfileTableViewController.swift; sourceTree = "<group>"; };
		ED004D491EBA807200A331DB /* FoodTableViewCell.swift */ = {isa = PBXFileReference; fileEncoding = 4; lastKnownFileType = sourcecode.swift; path = FoodTableViewCell.swift; sourceTree = "<group>"; };
		ED004D4A1EBA807200A331DB /* HomeActivityTableViewCell.swift */ = {isa = PBXFileReference; fileEncoding = 4; lastKnownFileType = sourcecode.swift; path = HomeActivityTableViewCell.swift; sourceTree = "<group>"; };
		ED004D4B1EBA807200A331DB /* ResultsTableViewController.swift */ = {isa = PBXFileReference; fileEncoding = 4; lastKnownFileType = sourcecode.swift; path = ResultsTableViewController.swift; sourceTree = "<group>"; };
		ED004D4C1EBA807200A331DB /* StartProfileTableViewController.swift */ = {isa = PBXFileReference; fileEncoding = 4; lastKnownFileType = sourcecode.swift; path = StartProfileTableViewController.swift; sourceTree = "<group>"; };
		ED004D4D1EBA807200A331DB /* StartScreenViewController.swift */ = {isa = PBXFileReference; fileEncoding = 4; lastKnownFileType = sourcecode.swift; path = StartScreenViewController.swift; sourceTree = "<group>"; };
		ED1EC36C1EBA778000BE2158 /* ViewController.swift */ = {isa = PBXFileReference; fileEncoding = 4; lastKnownFileType = sourcecode.swift; path = ViewController.swift; sourceTree = "<group>"; };
		ED1EC36E1EBA77AC00BE2158 /* ActivitiesClass.swift */ = {isa = PBXFileReference; fileEncoding = 4; lastKnownFileType = sourcecode.swift; path = ActivitiesClass.swift; sourceTree = "<group>"; };
		ED1EC3701EBA77C600BE2158 /* CalendarPopUp.swift */ = {isa = PBXFileReference; fileEncoding = 4; lastKnownFileType = sourcecode.swift; name = CalendarPopUp.swift; path = Calendar/CalendarPopUp.swift; sourceTree = "<group>"; };
		ED1EC3711EBA77C600BE2158 /* CalendarPopUp.xib */ = {isa = PBXFileReference; fileEncoding = 4; lastKnownFileType = file.xib; name = CalendarPopUp.xib; path = Calendar/CalendarPopUp.xib; sourceTree = "<group>"; };
		ED1EC3721EBA77C600BE2158 /* CellView.swift */ = {isa = PBXFileReference; fileEncoding = 4; lastKnownFileType = sourcecode.swift; name = CellView.swift; path = Calendar/CellView.swift; sourceTree = "<group>"; };
		ED1EC3731EBA77C600BE2158 /* CellView.xib */ = {isa = PBXFileReference; fileEncoding = 4; lastKnownFileType = file.xib; name = CellView.xib; path = Calendar/CellView.xib; sourceTree = "<group>"; };
		ED1EC3741EBA77C600BE2158 /* Extensions.swift */ = {isa = PBXFileReference; fileEncoding = 4; lastKnownFileType = sourcecode.swift; name = Extensions.swift; path = Calendar/Extensions.swift; sourceTree = "<group>"; };
		ED1EC3751EBA77C600BE2158 /* PopupContainer.swift */ = {isa = PBXFileReference; fileEncoding = 4; lastKnownFileType = sourcecode.swift; name = PopupContainer.swift; path = Calendar/PopupContainer.swift; sourceTree = "<group>"; };
		ED1EC37C1EBA77F000BE2158 /* AnimationClass.swift */ = {isa = PBXFileReference; fileEncoding = 4; lastKnownFileType = sourcecode.swift; name = AnimationClass.swift; path = Calendar/AnimationClass.swift; sourceTree = "<group>"; };
/* End PBXFileReference section */

/* Begin PBXFrameworksBuildPhase section */
		A4062B6C1EABEED2008E2C77 /* Frameworks */ = {
			isa = PBXFrameworksBuildPhase;
			buildActionMask = 2147483647;
			files = (
				4CA9B404A4AE79DE1CB3CA83 /* Pods_FitApp.framework in Frameworks */,
			);
			runOnlyForDeploymentPostprocessing = 0;
		};
/* End PBXFrameworksBuildPhase section */

/* Begin PBXGroup section */
		596005D9B974709A05408812 /* Pods */ = {
			isa = PBXGroup;
			children = (
				5D0D4F7FF1E3DC0075F5ED69 /* Pods-FitApp.debug.xcconfig */,
				97DFD53F004F3F45AF2AE5C4 /* Pods-FitApp.release.xcconfig */,
			);
			name = Pods;
			sourceTree = "<group>";
		};
		A4062B661EABEED1008E2C77 = {
			isa = PBXGroup;
			children = (
				A4062B711EABEED3008E2C77 /* FitApp */,
				A4062B701EABEED3008E2C77 /* Products */,
				B0DAAFD061136B42B308C808 /* Frameworks */,
				596005D9B974709A05408812 /* Pods */,
			);
			sourceTree = "<group>";
		};
		A4062B701EABEED3008E2C77 /* Products */ = {
			isa = PBXGroup;
			children = (
				A4062B6F1EABEED3008E2C77 /* FitApp.app */,
			);
			name = Products;
			sourceTree = "<group>";
		};
		A4062B711EABEED3008E2C77 /* FitApp */ = {
			isa = PBXGroup;
			children = (
				ED004D531EBA80AE00A331DB /* UI */,
				A4062B721EABEED3008E2C77 /* AppDelegate.swift */,
				A408AFFD1EB20210001D5130 /* Food */,
				A4F2B8191EACF69E0018D852 /* Activity */,
				A44CFF6C1EB0EEC4000E8FCA /* Calendar */,
				ED004D481EBA804E00A331DB /* Storage */,
				A48303681EABF3E6004A11E3 /* Supporting Files */,
			);
			path = FitApp;
			sourceTree = "<group>";
		};
		A408AFFD1EB20210001D5130 /* Food */ = {
			isa = PBXGroup;
			children = (
				A408AFFB1EB1FF13001D5130 /* SelectedFoodTableViewController.swift */,
				A40DF2691EB1EEE400754585 /* AddFoodTableViewController.swift */,
				A408AFF91EB1FEA6001D5130 /* CreateMealTableViewController.swift */,
				A408AFFE1EB211BF001D5130 /* LoadJSONFood.swift */,
				A44CFF6D1EB14970000E8FCA /* FoodClass.swift */,
				A44CFF6F1EB1498E000E8FCA /* Food.json */,
			);
			name = Food;
			sourceTree = "<group>";
		};
		A44CFF6C1EB0EEC4000E8FCA /* Calendar */ = {
			isa = PBXGroup;
			children = (
				ED1EC37C1EBA77F000BE2158 /* AnimationClass.swift */,
				ED1EC3701EBA77C600BE2158 /* CalendarPopUp.swift */,
				ED1EC3711EBA77C600BE2158 /* CalendarPopUp.xib */,
				ED1EC3721EBA77C600BE2158 /* CellView.swift */,
				ED1EC3731EBA77C600BE2158 /* CellView.xib */,
				ED1EC3741EBA77C600BE2158 /* Extensions.swift */,
				ED1EC3751EBA77C600BE2158 /* PopupContainer.swift */,
			);
			name = Calendar;
			sourceTree = "<group>";
		};
		A48303681EABF3E6004A11E3 /* Supporting Files */ = {
			isa = PBXGroup;
			children = (
				A4062B791EABEED3008E2C77 /* Assets.xcassets */,
				A4062B7B1EABEED3008E2C77 /* LaunchScreen.storyboard */,
				A4062B7E1EABEED3008E2C77 /* Info.plist */,
			);
			name = "Supporting Files";
			sourceTree = "<group>";
		};
		A4F2B8191EACF69E0018D852 /* Activity */ = {
			isa = PBXGroup;
			children = (
				ED1EC36E1EBA77AC00BE2158 /* ActivitiesClass.swift */,
				A408AFF71EB1FE6C001D5130 /* SelectedActivityTableViewController.swift */,
				A48303691EABF429004A11E3 /* AddActivityTableViewController.swift */,
				A425E91D1EACC9D30067DAE4 /* ActivityTableViewCell.swift */,
				A425E91B1EACC0CB0067DAE4 /* CreateActivityTableViewController.swift */,
				A425E9211EACE23C0067DAE4 /* LoadJSONActivities.swift */,
				A44CFF211EAFB4AD000E8FCA /* Try.json */,
				A48303661EABF3CB004A11E3 /* ActivitiesBase.json */,
			);
			name = Activity;
			sourceTree = "<group>";
		};
		B0DAAFD061136B42B308C808 /* Frameworks */ = {
			isa = PBXGroup;
			children = (
				86B0239018E8BCCD4F031F37 /* Pods_FitApp.framework */,
			);
			name = Frameworks;
			sourceTree = "<group>";
		};
		ED004D481EBA804E00A331DB /* Storage */ = {
			isa = PBXGroup;
			children = (
				ED004D441EBA803100A331DB /* UserProfileClass.swift */,
				ED004D451EBA803100A331DB /* UserProfileTableViewController.swift */,
				A408B0021EB23CF9001D5130 /* RealmClassForStofingDailyData.swift */,
			);
			name = Storage;
			sourceTree = "<group>";
		};
		ED004D531EBA80AE00A331DB /* UI */ = {
			isa = PBXGroup;
			children = (
				ED004D491EBA807200A331DB /* FoodTableViewCell.swift */,
				ED004D4A1EBA807200A331DB /* HomeActivityTableViewCell.swift */,
				ED004D4B1EBA807200A331DB /* ResultsTableViewController.swift */,
				ED004D4C1EBA807200A331DB /* StartProfileTableViewController.swift */,
				ED004D4D1EBA807200A331DB /* StartScreenViewController.swift */,
				ED1EC36C1EBA778000BE2158 /* ViewController.swift */,
				A4062B761EABEED3008E2C77 /* Main.storyboard */,
			);
			name = UI;
			sourceTree = "<group>";
		};
/* End PBXGroup section */

/* Begin PBXNativeTarget section */
		A4062B6E1EABEED2008E2C77 /* FitApp */ = {
			isa = PBXNativeTarget;
			buildConfigurationList = A4062B811EABEED3008E2C77 /* Build configuration list for PBXNativeTarget "FitApp" */;
			buildPhases = (
				38A127BC33D06C1CA94148CF /* [CP] Check Pods Manifest.lock */,
				A4062B6B1EABEED2008E2C77 /* Sources */,
				A4062B6C1EABEED2008E2C77 /* Frameworks */,
				A4062B6D1EABEED2008E2C77 /* Resources */,
				5D511791F2235171316C4D8A /* [CP] Embed Pods Frameworks */,
				A315DE9467A1EECC5C36EC71 /* [CP] Copy Pods Resources */,
			);
			buildRules = (
			);
			dependencies = (
			);
			name = FitApp;
			productName = FitApp;
			productReference = A4062B6F1EABEED3008E2C77 /* FitApp.app */;
			productType = "com.apple.product-type.application";
		};
/* End PBXNativeTarget section */

/* Begin PBXProject section */
		A4062B671EABEED1008E2C77 /* Project object */ = {
			isa = PBXProject;
			attributes = {
				LastSwiftUpdateCheck = 0820;
				LastUpgradeCheck = 0820;
				ORGANIZATIONNAME = "Kseniya Borokhovskaya";
				TargetAttributes = {
					A4062B6E1EABEED2008E2C77 = {
						CreatedOnToolsVersion = 8.2.1;
						ProvisioningStyle = Automatic;
					};
				};
			};
			buildConfigurationList = A4062B6A1EABEED1008E2C77 /* Build configuration list for PBXProject "LetFit" */;
			compatibilityVersion = "Xcode 3.2";
			developmentRegion = English;
			hasScannedForEncodings = 0;
			knownRegions = (
				en,
				Base,
			);
			mainGroup = A4062B661EABEED1008E2C77;
			productRefGroup = A4062B701EABEED3008E2C77 /* Products */;
			projectDirPath = "";
			projectRoot = "";
			targets = (
				A4062B6E1EABEED2008E2C77 /* FitApp */,
			);
		};
/* End PBXProject section */

/* Begin PBXResourcesBuildPhase section */
		A4062B6D1EABEED2008E2C77 /* Resources */ = {
			isa = PBXResourcesBuildPhase;
			buildActionMask = 2147483647;
			files = (
				ED1EC3791EBA77C600BE2158 /* CellView.xib in Resources */,
				A44CFF701EB1498E000E8FCA /* Food.json in Resources */,
				A4062B7D1EABEED3008E2C77 /* LaunchScreen.storyboard in Resources */,
				A4062B7A1EABEED3008E2C77 /* Assets.xcassets in Resources */,
				A4062B781EABEED3008E2C77 /* Main.storyboard in Resources */,
				A48303671EABF3CB004A11E3 /* ActivitiesBase.json in Resources */,
				ED1EC3771EBA77C600BE2158 /* CalendarPopUp.xib in Resources */,
				A44CFF221EAFB4AD000E8FCA /* Try.json in Resources */,
			);
			runOnlyForDeploymentPostprocessing = 0;
		};
/* End PBXResourcesBuildPhase section */

/* Begin PBXShellScriptBuildPhase section */
		38A127BC33D06C1CA94148CF /* [CP] Check Pods Manifest.lock */ = {
			isa = PBXShellScriptBuildPhase;
			buildActionMask = 2147483647;
			files = (
			);
			inputPaths = (
			);
			name = "[CP] Check Pods Manifest.lock";
			outputPaths = (
			);
			runOnlyForDeploymentPostprocessing = 0;
			shellPath = /bin/sh;
			shellScript = "diff \"${PODS_ROOT}/../Podfile.lock\" \"${PODS_ROOT}/Manifest.lock\" > /dev/null\nif [ $? != 0 ] ; then\n    # print error to STDERR\n    echo \"error: The sandbox is not in sync with the Podfile.lock. Run 'pod install' or update your CocoaPods installation.\" >&2\n    exit 1\nfi\n";
			showEnvVarsInLog = 0;
		};
		5D511791F2235171316C4D8A /* [CP] Embed Pods Frameworks */ = {
			isa = PBXShellScriptBuildPhase;
			buildActionMask = 2147483647;
			files = (
			);
			inputPaths = (
			);
			name = "[CP] Embed Pods Frameworks";
			outputPaths = (
			);
			runOnlyForDeploymentPostprocessing = 0;
			shellPath = /bin/sh;
			shellScript = "\"${SRCROOT}/Pods/Target Support Files/Pods-FitApp/Pods-FitApp-frameworks.sh\"\n";
			showEnvVarsInLog = 0;
		};
		A315DE9467A1EECC5C36EC71 /* [CP] Copy Pods Resources */ = {
			isa = PBXShellScriptBuildPhase;
			buildActionMask = 2147483647;
			files = (
			);
			inputPaths = (
			);
			name = "[CP] Copy Pods Resources";
			outputPaths = (
			);
			runOnlyForDeploymentPostprocessing = 0;
			shellPath = /bin/sh;
			shellScript = "\"${SRCROOT}/Pods/Target Support Files/Pods-FitApp/Pods-FitApp-resources.sh\"\n";
			showEnvVarsInLog = 0;
		};
/* End PBXShellScriptBuildPhase section */

/* Begin PBXSourcesBuildPhase section */
		A4062B6B1EABEED2008E2C77 /* Sources */ = {
			isa = PBXSourcesBuildPhase;
			buildActionMask = 2147483647;
			files = (
				ED004D501EBA807200A331DB /* ResultsTableViewController.swift in Sources */,
				ED1EC3761EBA77C600BE2158 /* CalendarPopUp.swift in Sources */,
				A4062B731EABEED3008E2C77 /* AppDelegate.swift in Sources */,
				A483036A1EABF429004A11E3 /* AddActivityTableViewController.swift in Sources */,
				A425E9221EACE23C0067DAE4 /* LoadJSONActivities.swift in Sources */,
				ED1EC37D1EBA77F000BE2158 /* AnimationClass.swift in Sources */,
				A40DF26A1EB1EEE400754585 /* AddFoodTableViewController.swift in Sources */,
				A44CFF6E1EB14970000E8FCA /* FoodClass.swift in Sources */,
				ED004D461EBA803100A331DB /* UserProfileClass.swift in Sources */,
				ED1EC36F1EBA77AC00BE2158 /* ActivitiesClass.swift in Sources */,
				ED1EC37A1EBA77C600BE2158 /* Extensions.swift in Sources */,
				ED004D521EBA807200A331DB /* StartScreenViewController.swift in Sources */,
				ED004D4F1EBA807200A331DB /* HomeActivityTableViewCell.swift in Sources */,
				ED1EC37B1EBA77C600BE2158 /* PopupContainer.swift in Sources */,
				ED004D4E1EBA807200A331DB /* FoodTableViewCell.swift in Sources */,
				ED004D511EBA807200A331DB /* StartProfileTableViewController.swift in Sources */,
				A408AFFA1EB1FEA6001D5130 /* CreateMealTableViewController.swift in Sources */,
				A408AFF81EB1FE6C001D5130 /* SelectedActivityTableViewController.swift in Sources */,
				ED1EC36D1EBA778000BE2158 /* ViewController.swift in Sources */,
				A408B0031EB23CF9001D5130 /* RealmClassForStofingDailyData.swift in Sources */,
				ED004D471EBA803100A331DB /* UserProfileTableViewController.swift in Sources */,
				A408AFFC1EB1FF13001D5130 /* SelectedFoodTableViewController.swift in Sources */,
				A425E91E1EACC9D30067DAE4 /* ActivityTableViewCell.swift in Sources */,
				A425E91C1EACC0CB0067DAE4 /* CreateActivityTableViewController.swift in Sources */,
				A408AFFF1EB211BF001D5130 /* LoadJSONFood.swift in Sources */,
				ED1EC3781EBA77C600BE2158 /* CellView.swift in Sources */,
			);
			runOnlyForDeploymentPostprocessing = 0;
		};
/* End PBXSourcesBuildPhase section */

/* Begin PBXVariantGroup section */
		A4062B761EABEED3008E2C77 /* Main.storyboard */ = {
			isa = PBXVariantGroup;
			children = (
				A4062B771EABEED3008E2C77 /* Base */,
			);
			name = Main.storyboard;
			sourceTree = "<group>";
		};
		A4062B7B1EABEED3008E2C77 /* LaunchScreen.storyboard */ = {
			isa = PBXVariantGroup;
			children = (
				A4062B7C1EABEED3008E2C77 /* Base */,
			);
			name = LaunchScreen.storyboard;
			sourceTree = "<group>";
		};
/* End PBXVariantGroup section */

/* Begin XCBuildConfiguration section */
		A4062B7F1EABEED3008E2C77 /* Debug */ = {
			isa = XCBuildConfiguration;
			buildSettings = {
				ALWAYS_SEARCH_USER_PATHS = NO;
				CLANG_ANALYZER_NONNULL = YES;
				CLANG_CXX_LANGUAGE_STANDARD = "gnu++0x";
				CLANG_CXX_LIBRARY = "libc++";
				CLANG_ENABLE_MODULES = YES;
				CLANG_ENABLE_OBJC_ARC = YES;
				CLANG_WARN_BOOL_CONVERSION = YES;
				CLANG_WARN_CONSTANT_CONVERSION = YES;
				CLANG_WARN_DIRECT_OBJC_ISA_USAGE = YES_ERROR;
				CLANG_WARN_DOCUMENTATION_COMMENTS = YES;
				CLANG_WARN_EMPTY_BODY = YES;
				CLANG_WARN_ENUM_CONVERSION = YES;
				CLANG_WARN_INFINITE_RECURSION = YES;
				CLANG_WARN_INT_CONVERSION = YES;
				CLANG_WARN_OBJC_ROOT_CLASS = YES_ERROR;
				CLANG_WARN_SUSPICIOUS_MOVE = YES;
				CLANG_WARN_UNREACHABLE_CODE = YES;
				CLANG_WARN__DUPLICATE_METHOD_MATCH = YES;
				"CODE_SIGN_IDENTITY[sdk=iphoneos*]" = "iPhone Developer";
				COPY_PHASE_STRIP = NO;
				DEBUG_INFORMATION_FORMAT = dwarf;
				ENABLE_STRICT_OBJC_MSGSEND = YES;
				ENABLE_TESTABILITY = YES;
				GCC_C_LANGUAGE_STANDARD = gnu99;
				GCC_DYNAMIC_NO_PIC = NO;
				GCC_NO_COMMON_BLOCKS = YES;
				GCC_OPTIMIZATION_LEVEL = 0;
				GCC_PREPROCESSOR_DEFINITIONS = (
					"DEBUG=1",
					"$(inherited)",
				);
				GCC_WARN_64_TO_32_BIT_CONVERSION = YES;
				GCC_WARN_ABOUT_RETURN_TYPE = YES_ERROR;
				GCC_WARN_UNDECLARED_SELECTOR = YES;
				GCC_WARN_UNINITIALIZED_AUTOS = YES_AGGRESSIVE;
				GCC_WARN_UNUSED_FUNCTION = YES;
				GCC_WARN_UNUSED_VARIABLE = YES;
				IPHONEOS_DEPLOYMENT_TARGET = 9.0;
				MTL_ENABLE_DEBUG_INFO = YES;
				ONLY_ACTIVE_ARCH = YES;
				SDKROOT = iphoneos;
				SWIFT_ACTIVE_COMPILATION_CONDITIONS = DEBUG;
				SWIFT_OPTIMIZATION_LEVEL = "-Onone";
			};
			name = Debug;
		};
		A4062B801EABEED3008E2C77 /* Release */ = {
			isa = XCBuildConfiguration;
			buildSettings = {
				ALWAYS_SEARCH_USER_PATHS = NO;
				CLANG_ANALYZER_NONNULL = YES;
				CLANG_CXX_LANGUAGE_STANDARD = "gnu++0x";
				CLANG_CXX_LIBRARY = "libc++";
				CLANG_ENABLE_MODULES = YES;
				CLANG_ENABLE_OBJC_ARC = YES;
				CLANG_WARN_BOOL_CONVERSION = YES;
				CLANG_WARN_CONSTANT_CONVERSION = YES;
				CLANG_WARN_DIRECT_OBJC_ISA_USAGE = YES_ERROR;
				CLANG_WARN_DOCUMENTATION_COMMENTS = YES;
				CLANG_WARN_EMPTY_BODY = YES;
				CLANG_WARN_ENUM_CONVERSION = YES;
				CLANG_WARN_INFINITE_RECURSION = YES;
				CLANG_WARN_INT_CONVERSION = YES;
				CLANG_WARN_OBJC_ROOT_CLASS = YES_ERROR;
				CLANG_WARN_SUSPICIOUS_MOVE = YES;
				CLANG_WARN_UNREACHABLE_CODE = YES;
				CLANG_WARN__DUPLICATE_METHOD_MATCH = YES;
				"CODE_SIGN_IDENTITY[sdk=iphoneos*]" = "iPhone Developer";
				COPY_PHASE_STRIP = NO;
				DEBUG_INFORMATION_FORMAT = "dwarf-with-dsym";
				ENABLE_NS_ASSERTIONS = NO;
				ENABLE_STRICT_OBJC_MSGSEND = YES;
				GCC_C_LANGUAGE_STANDARD = gnu99;
				GCC_NO_COMMON_BLOCKS = YES;
				GCC_WARN_64_TO_32_BIT_CONVERSION = YES;
				GCC_WARN_ABOUT_RETURN_TYPE = YES_ERROR;
				GCC_WARN_UNDECLARED_SELECTOR = YES;
				GCC_WARN_UNINITIALIZED_AUTOS = YES_AGGRESSIVE;
				GCC_WARN_UNUSED_FUNCTION = YES;
				GCC_WARN_UNUSED_VARIABLE = YES;
				IPHONEOS_DEPLOYMENT_TARGET = 9.0;
				MTL_ENABLE_DEBUG_INFO = NO;
				SDKROOT = iphoneos;
				SWIFT_OPTIMIZATION_LEVEL = "-Owholemodule";
				VALIDATE_PRODUCT = YES;
			};
			name = Release;
		};
		A4062B821EABEED3008E2C77 /* Debug */ = {
			isa = XCBuildConfiguration;
			baseConfigurationReference = 5D0D4F7FF1E3DC0075F5ED69 /* Pods-FitApp.debug.xcconfig */;
			buildSettings = {
				ASSETCATALOG_COMPILER_APPICON_NAME = AppIcon;
				INFOPLIST_FILE = FitApp/Info.plist;
				IPHONEOS_DEPLOYMENT_TARGET = 9.0;
				LD_RUNPATH_SEARCH_PATHS = "$(inherited) @executable_path/Frameworks";
				PRODUCT_BUNDLE_IDENTIFIER = borokhovskayaLTD.LetFit;
				PRODUCT_NAME = "$(TARGET_NAME)";
				SWIFT_VERSION = 3.0;
			};
			name = Debug;
		};
		A4062B831EABEED3008E2C77 /* Release */ = {
			isa = XCBuildConfiguration;
			baseConfigurationReference = 97DFD53F004F3F45AF2AE5C4 /* Pods-FitApp.release.xcconfig */;
			buildSettings = {
				ASSETCATALOG_COMPILER_APPICON_NAME = AppIcon;
				INFOPLIST_FILE = FitApp/Info.plist;
				IPHONEOS_DEPLOYMENT_TARGET = 9.0;
				LD_RUNPATH_SEARCH_PATHS = "$(inherited) @executable_path/Frameworks";
				PRODUCT_BUNDLE_IDENTIFIER = borokhovskayaLTD.LetFit;
				PRODUCT_NAME = "$(TARGET_NAME)";
				SWIFT_VERSION = 3.0;
			};
			name = Release;
		};
/* End XCBuildConfiguration section */

/* Begin XCConfigurationList section */
		A4062B6A1EABEED1008E2C77 /* Build configuration list for PBXProject "LetFit" */ = {
			isa = XCConfigurationList;
			buildConfigurations = (
				A4062B7F1EABEED3008E2C77 /* Debug */,
				A4062B801EABEED3008E2C77 /* Release */,
			);
			defaultConfigurationIsVisible = 0;
			defaultConfigurationName = Release;
		};
		A4062B811EABEED3008E2C77 /* Build configuration list for PBXNativeTarget "FitApp" */ = {
			isa = XCConfigurationList;
			buildConfigurations = (
				A4062B821EABEED3008E2C77 /* Debug */,
				A4062B831EABEED3008E2C77 /* Release */,
			);
			defaultConfigurationIsVisible = 0;
			defaultConfigurationName = Release;
		};
/* End XCConfigurationList section */
	};
	rootObject = A4062B671EABEED1008E2C77 /* Project object */;
}
