// !$*UTF8*$!
{
	archiveVersion = 1;
	classes = {
	};
	objectVersion = 46;
	objects = {

/* Begin PBXBuildFile section */
		4CA9B404A4AE79DE1CB3CA83 /* Pods_FitApp.framework in Frameworks */ = {isa = PBXBuildFile; fileRef = 86B0239018E8BCCD4F031F37 /* Pods_FitApp.framework */; };
		A4062B731EABEED3008E2C77 /* AppDelegate.swift in Sources */ = {isa = PBXBuildFile; fileRef = A4062B721EABEED3008E2C77 /* AppDelegate.swift */; };
		A4062B781EABEED3008E2C77 /* Main.storyboard in Resources */ = {isa = PBXBuildFile; fileRef = A4062B761EABEED3008E2C77 /* Main.storyboard */; };
		A4062B7A1EABEED3008E2C77 /* Assets.xcassets in Resources */ = {isa = PBXBuildFile; fileRef = A4062B791EABEED3008E2C77 /* Assets.xcassets */; };
		A4062B7D1EABEED3008E2C77 /* LaunchScreen.storyboard in Resources */ = {isa = PBXBuildFile; fileRef = A4062B7B1EABEED3008E2C77 /* LaunchScreen.storyboard */; };
		A408AFF81EB1FE6C001D5130 /* SelectedActivityTableViewController.swift in Sources */ = {isa = PBXBuildFile; fileRef = A408AFF71EB1FE6C001D5130 /* SelectedActivityTableViewController.swift */; };
		A408AFFA1EB1FEA6001D5130 /* CreateMealTableViewController.swift in Sources */ = {isa = PBXBuildFile; fileRef = A408AFF91EB1FEA6001D5130 /* CreateMealTableViewController.swift */; };
		A408AFFC1EB1FF13001D5130 /* SelectedFoodTableViewController.swift in Sources */ = {isa = PBXBuildFile; fileRef = A408AFFB1EB1FF13001D5130 /* SelectedFoodTableViewController.swift */; };
		A408AFFF1EB211BF001D5130 /* LoadJSONFood.swift in Sources */ = {isa = PBXBuildFile; fileRef = A408AFFE1EB211BF001D5130 /* LoadJSONFood.swift */; };
		A408B0031EB23CF9001D5130 /* RealmClassForStofingDailyData.swift in Sources */ = {isa = PBXBuildFile; fileRef = A408B0021EB23CF9001D5130 /* RealmClassForStofingDailyData.swift */; };
		A408B0051EB2683F001D5130 /* StartScreenViewController.swift in Sources */ = {isa = PBXBuildFile; fileRef = A408B0041EB2683F001D5130 /* StartScreenViewController.swift */; };
		A408B0071EB27238001D5130 /* FoodTableViewCell.swift in Sources */ = {isa = PBXBuildFile; fileRef = A408B0061EB27238001D5130 /* FoodTableViewCell.swift */; };
		A40AD29D1EB47E48007F23A7 /* UserProfileTableViewController.swift in Sources */ = {isa = PBXBuildFile; fileRef = A40AD29C1EB47E48007F23A7 /* UserProfileTableViewController.swift */; };
		A40DF26A1EB1EEE400754585 /* AddFoodTableViewController.swift in Sources */ = {isa = PBXBuildFile; fileRef = A40DF2691EB1EEE400754585 /* AddFoodTableViewController.swift */; };
		A416F1571EB36ECB00F784C0 /* UserProfileClass.swift in Sources */ = {isa = PBXBuildFile; fileRef = A416F1561EB36ECB00F784C0 /* UserProfileClass.swift */; };
		A416F15B1EB39E8300F784C0 /* StartProfileTableViewController.swift in Sources */ = {isa = PBXBuildFile; fileRef = A416F15A1EB39E8300F784C0 /* StartProfileTableViewController.swift */; };
		A416F15E1EB3A13B00F784C0 /* ResultsTableViewController.swift in Sources */ = {isa = PBXBuildFile; fileRef = A416F15D1EB3A13B00F784C0 /* ResultsTableViewController.swift */; };
		A425E91C1EACC0CB0067DAE4 /* CreateActivityTableViewController.swift in Sources */ = {isa = PBXBuildFile; fileRef = A425E91B1EACC0CB0067DAE4 /* CreateActivityTableViewController.swift */; };
		A425E91E1EACC9D30067DAE4 /* ActivityTableViewCell.swift in Sources */ = {isa = PBXBuildFile; fileRef = A425E91D1EACC9D30067DAE4 /* ActivityTableViewCell.swift */; };
		A425E9221EACE23C0067DAE4 /* LoadJSONActivities.swift in Sources */ = {isa = PBXBuildFile; fileRef = A425E9211EACE23C0067DAE4 /* LoadJSONActivities.swift */; };
		A44CFF221EAFB4AD000E8FCA /* Try.json in Resources */ = {isa = PBXBuildFile; fileRef = A44CFF211EAFB4AD000E8FCA /* Try.json */; };
		A44CFF631EB0EE5E000E8FCA /* PopupContainer.swift in Sources */ = {isa = PBXBuildFile; fileRef = A44CFF591EB0EE5E000E8FCA /* PopupContainer.swift */; };
		A44CFF641EB0EE5E000E8FCA /* ViewController.swift in Sources */ = {isa = PBXBuildFile; fileRef = A44CFF5A1EB0EE5E000E8FCA /* ViewController.swift */; };
		A44CFF661EB0EE5E000E8FCA /* CalendarPopUp.swift in Sources */ = {isa = PBXBuildFile; fileRef = A44CFF5D1EB0EE5E000E8FCA /* CalendarPopUp.swift */; };
		A44CFF671EB0EE5E000E8FCA /* CalendarPopUp.xib in Resources */ = {isa = PBXBuildFile; fileRef = A44CFF5E1EB0EE5E000E8FCA /* CalendarPopUp.xib */; };
		A44CFF681EB0EE5E000E8FCA /* CellView.xib in Resources */ = {isa = PBXBuildFile; fileRef = A44CFF5F1EB0EE5E000E8FCA /* CellView.xib */; };
		A44CFF691EB0EE5E000E8FCA /* CellView.swift in Sources */ = {isa = PBXBuildFile; fileRef = A44CFF601EB0EE5E000E8FCA /* CellView.swift */; };
		A44CFF6A1EB0EE5E000E8FCA /* AnimationClass.swift in Sources */ = {isa = PBXBuildFile; fileRef = A44CFF611EB0EE5E000E8FCA /* AnimationClass.swift */; };
		A44CFF6B1EB0EE5E000E8FCA /* Extensions.swift in Sources */ = {isa = PBXBuildFile; fileRef = A44CFF621EB0EE5E000E8FCA /* Extensions.swift */; };
		A44CFF6E1EB14970000E8FCA /* FoodClass.swift in Sources */ = {isa = PBXBuildFile; fileRef = A44CFF6D1EB14970000E8FCA /* FoodClass.swift */; };
		A44CFF701EB1498E000E8FCA /* Food.json in Resources */ = {isa = PBXBuildFile; fileRef = A44CFF6F1EB1498E000E8FCA /* Food.json */; };
		A46A00D11EB66E5E00AE0B18 /* HomeActivityTableViewCell.swift in Sources */ = {isa = PBXBuildFile; fileRef = A46A00D01EB66E5E00AE0B18 /* HomeActivityTableViewCell.swift */; };
		A48303611EABF280004A11E3 /* ActivitiesClass.swift in Sources */ = {isa = PBXBuildFile; fileRef = A48303601EABF280004A11E3 /* ActivitiesClass.swift */; };
		A48303671EABF3CB004A11E3 /* ActivitiesBase.json in Resources */ = {isa = PBXBuildFile; fileRef = A48303661EABF3CB004A11E3 /* ActivitiesBase.json */; };
		A483036A1EABF429004A11E3 /* AddActivityTableViewController.swift in Sources */ = {isa = PBXBuildFile; fileRef = A48303691EABF429004A11E3 /* AddActivityTableViewController.swift */; };
/* End PBXBuildFile section */

/* Begin PBXFileReference section */
		4F3EF680E88D78909BE6501B /* Pods-FitApp.release.xcconfig */ = {isa = PBXFileReference; includeInIndex = 1; lastKnownFileType = text.xcconfig; name = "Pods-FitApp.release.xcconfig"; path = "FitApp/Pods/Target Support Files/Pods-FitApp/Pods-FitApp.release.xcconfig"; sourceTree = "<group>"; };
		86B0239018E8BCCD4F031F37 /* Pods_FitApp.framework */ = {isa = PBXFileReference; explicitFileType = wrapper.framework; includeInIndex = 0; path = Pods_FitApp.framework; sourceTree = BUILT_PRODUCTS_DIR; };
		A4062B6F1EABEED3008E2C77 /* FitApp.app */ = {isa = PBXFileReference; explicitFileType = wrapper.application; includeInIndex = 0; path = FitApp.app; sourceTree = BUILT_PRODUCTS_DIR; };
		A4062B721EABEED3008E2C77 /* AppDelegate.swift */ = {isa = PBXFileReference; lastKnownFileType = sourcecode.swift; path = AppDelegate.swift; sourceTree = "<group>"; };
		A4062B771EABEED3008E2C77 /* Base */ = {isa = PBXFileReference; lastKnownFileType = file.storyboard; name = Base; path = Base.lproj/Main.storyboard; sourceTree = "<group>"; };
		A4062B791EABEED3008E2C77 /* Assets.xcassets */ = {isa = PBXFileReference; lastKnownFileType = folder.assetcatalog; path = Assets.xcassets; sourceTree = "<group>"; };
		A4062B7C1EABEED3008E2C77 /* Base */ = {isa = PBXFileReference; lastKnownFileType = file.storyboard; name = Base; path = Base.lproj/LaunchScreen.storyboard; sourceTree = "<group>"; };
		A4062B7E1EABEED3008E2C77 /* Info.plist */ = {isa = PBXFileReference; lastKnownFileType = text.plist.xml; path = Info.plist; sourceTree = "<group>"; };
		A408AFF71EB1FE6C001D5130 /* SelectedActivityTableViewController.swift */ = {isa = PBXFileReference; fileEncoding = 4; lastKnownFileType = sourcecode.swift; path = SelectedActivityTableViewController.swift; sourceTree = "<group>"; };
		A408AFF91EB1FEA6001D5130 /* CreateMealTableViewController.swift */ = {isa = PBXFileReference; fileEncoding = 4; lastKnownFileType = sourcecode.swift; path = CreateMealTableViewController.swift; sourceTree = "<group>"; };
		A408AFFB1EB1FF13001D5130 /* SelectedFoodTableViewController.swift */ = {isa = PBXFileReference; fileEncoding = 4; lastKnownFileType = sourcecode.swift; path = SelectedFoodTableViewController.swift; sourceTree = "<group>"; };
		A408AFFE1EB211BF001D5130 /* LoadJSONFood.swift */ = {isa = PBXFileReference; fileEncoding = 4; lastKnownFileType = sourcecode.swift; path = LoadJSONFood.swift; sourceTree = "<group>"; };
		A408B0021EB23CF9001D5130 /* RealmClassForStofingDailyData.swift */ = {isa = PBXFileReference; fileEncoding = 4; lastKnownFileType = sourcecode.swift; path = RealmClassForStofingDailyData.swift; sourceTree = "<group>"; };
		A408B0041EB2683F001D5130 /* StartScreenViewController.swift */ = {isa = PBXFileReference; fileEncoding = 4; lastKnownFileType = sourcecode.swift; path = StartScreenViewController.swift; sourceTree = "<group>"; };
		A408B0061EB27238001D5130 /* FoodTableViewCell.swift */ = {isa = PBXFileReference; fileEncoding = 4; lastKnownFileType = sourcecode.swift; path = FoodTableViewCell.swift; sourceTree = "<group>"; };
		A40AD29C1EB47E48007F23A7 /* UserProfileTableViewController.swift */ = {isa = PBXFileReference; fileEncoding = 4; lastKnownFileType = sourcecode.swift; path = UserProfileTableViewController.swift; sourceTree = "<group>"; };
		A40DF2691EB1EEE400754585 /* AddFoodTableViewController.swift */ = {isa = PBXFileReference; fileEncoding = 4; lastKnownFileType = sourcecode.swift; path = AddFoodTableViewController.swift; sourceTree = "<group>"; };
		A416F1561EB36ECB00F784C0 /* UserProfileClass.swift */ = {isa = PBXFileReference; fileEncoding = 4; lastKnownFileType = sourcecode.swift; path = UserProfileClass.swift; sourceTree = "<group>"; };
		A416F15A1EB39E8300F784C0 /* StartProfileTableViewController.swift */ = {isa = PBXFileReference; fileEncoding = 4; lastKnownFileType = sourcecode.swift; path = StartProfileTableViewController.swift; sourceTree = "<group>"; };
		A416F15D1EB3A13B00F784C0 /* ResultsTableViewController.swift */ = {isa = PBXFileReference; fileEncoding = 4; lastKnownFileType = sourcecode.swift; path = ResultsTableViewController.swift; sourceTree = "<group>"; };
		A425E91B1EACC0CB0067DAE4 /* CreateActivityTableViewController.swift */ = {isa = PBXFileReference; fileEncoding = 4; lastKnownFileType = sourcecode.swift; path = CreateActivityTableViewController.swift; sourceTree = "<group>"; };
		A425E91D1EACC9D30067DAE4 /* ActivityTableViewCell.swift */ = {isa = PBXFileReference; fileEncoding = 4; lastKnownFileType = sourcecode.swift; path = ActivityTableViewCell.swift; sourceTree = "<group>"; };
		A425E9211EACE23C0067DAE4 /* LoadJSONActivities.swift */ = {isa = PBXFileReference; fileEncoding = 4; lastKnownFileType = sourcecode.swift; path = LoadJSONActivities.swift; sourceTree = "<group>"; };
		A44CFF211EAFB4AD000E8FCA /* Try.json */ = {isa = PBXFileReference; fileEncoding = 4; lastKnownFileType = text.json; path = Try.json; sourceTree = "<group>"; };
		A44CFF591EB0EE5E000E8FCA /* PopupContainer.swift */ = {isa = PBXFileReference; fileEncoding = 4; lastKnownFileType = sourcecode.swift; name = PopupContainer.swift; path = "../../CalendarPopUp-master/CalendarPopUp/PopupContainer.swift"; sourceTree = "<group>"; };
		A44CFF5A1EB0EE5E000E8FCA /* ViewController.swift */ = {isa = PBXFileReference; fileEncoding = 4; lastKnownFileType = sourcecode.swift; name = ViewController.swift; path = "../../CalendarPopUp-master/CalendarPopUp/ViewController.swift"; sourceTree = "<group>"; };
		A44CFF5D1EB0EE5E000E8FCA /* CalendarPopUp.swift */ = {isa = PBXFileReference; fileEncoding = 4; lastKnownFileType = sourcecode.swift; name = CalendarPopUp.swift; path = "../../CalendarPopUp-master/CalendarPopUp/CalendarPopUp.swift"; sourceTree = "<group>"; };
		A44CFF5E1EB0EE5E000E8FCA /* CalendarPopUp.xib */ = {isa = PBXFileReference; fileEncoding = 4; lastKnownFileType = file.xib; name = CalendarPopUp.xib; path = "../../CalendarPopUp-master/CalendarPopUp/CalendarPopUp.xib"; sourceTree = "<group>"; };
		A44CFF5F1EB0EE5E000E8FCA /* CellView.xib */ = {isa = PBXFileReference; fileEncoding = 4; lastKnownFileType = file.xib; name = CellView.xib; path = "../../CalendarPopUp-master/CalendarPopUp/CellView.xib"; sourceTree = "<group>"; };
		A44CFF601EB0EE5E000E8FCA /* CellView.swift */ = {isa = PBXFileReference; fileEncoding = 4; lastKnownFileType = sourcecode.swift; name = CellView.swift; path = "../../CalendarPopUp-master/CalendarPopUp/CellView.swift"; sourceTree = "<group>"; };
		A44CFF611EB0EE5E000E8FCA /* AnimationClass.swift */ = {isa = PBXFileReference; fileEncoding = 4; lastKnownFileType = sourcecode.swift; name = AnimationClass.swift; path = "../../CalendarPopUp-master/CalendarPopUp/AnimationClass.swift"; sourceTree = "<group>"; };
		A44CFF621EB0EE5E000E8FCA /* Extensions.swift */ = {isa = PBXFileReference; fileEncoding = 4; lastKnownFileType = sourcecode.swift; name = Extensions.swift; path = "../../CalendarPopUp-master/CalendarPopUp/Extensions.swift"; sourceTree = "<group>"; };
		A44CFF6D1EB14970000E8FCA /* FoodClass.swift */ = {isa = PBXFileReference; fileEncoding = 4; lastKnownFileType = sourcecode.swift; path = FoodClass.swift; sourceTree = "<group>"; };
		A44CFF6F1EB1498E000E8FCA /* Food.json */ = {isa = PBXFileReference; fileEncoding = 4; lastKnownFileType = text.json; path = Food.json; sourceTree = "<group>"; };
		A46A00D01EB66E5E00AE0B18 /* HomeActivityTableViewCell.swift */ = {isa = PBXFileReference; fileEncoding = 4; lastKnownFileType = sourcecode.swift; path = HomeActivityTableViewCell.swift; sourceTree = "<group>"; };
		A48303601EABF280004A11E3 /* ActivitiesClass.swift */ = {isa = PBXFileReference; fileEncoding = 4; lastKnownFileType = sourcecode.swift; path = ActivitiesClass.swift; sourceTree = "<group>"; };
		A48303661EABF3CB004A11E3 /* ActivitiesBase.json */ = {isa = PBXFileReference; fileEncoding = 4; lastKnownFileType = text.json; path = ActivitiesBase.json; sourceTree = "<group>"; };
		A48303691EABF429004A11E3 /* AddActivityTableViewController.swift */ = {isa = PBXFileReference; fileEncoding = 4; lastKnownFileType = sourcecode.swift; path = AddActivityTableViewController.swift; sourceTree = "<group>"; };
		BCEA9B290C1775A5467DFA55 /* Pods-FitApp.debug.xcconfig */ = {isa = PBXFileReference; includeInIndex = 1; lastKnownFileType = text.xcconfig; name = "Pods-FitApp.debug.xcconfig"; path = "FitApp/Pods/Target Support Files/Pods-FitApp/Pods-FitApp.debug.xcconfig"; sourceTree = "<group>"; };
/* End PBXFileReference section */

/* Begin PBXFrameworksBuildPhase section */
		A4062B6C1EABEED2008E2C77 /* Frameworks */ = {
			isa = PBXFrameworksBuildPhase;
			buildActionMask = 2147483647;
			files = (
				4CA9B404A4AE79DE1CB3CA83 /* Pods_FitApp.framework in Frameworks */,
			);
			runOnlyForDeploymentPostprocessing = 0;
		};
/* End PBXFrameworksBuildPhase section */

/* Begin PBXGroup section */
		A4062B661EABEED1008E2C77 = {
			isa = PBXGroup;
			children = (
				A4062B711EABEED3008E2C77 /* FitApp */,
				A4062B701EABEED3008E2C77 /* Products */,
				DDA046E301E608BD83E8A81B /* Pods */,
				B0DAAFD061136B42B308C808 /* Frameworks */,
			);
			sourceTree = "<group>";
		};
		A4062B701EABEED3008E2C77 /* Products */ = {
			isa = PBXGroup;
			children = (
				A4062B6F1EABEED3008E2C77 /* FitApp.app */,
			);
			name = Products;
			sourceTree = "<group>";
		};
		A4062B711EABEED3008E2C77 /* FitApp */ = {
			isa = PBXGroup;
			children = (
				A408B0021EB23CF9001D5130 /* RealmClassForStofingDailyData.swift */,
				A4062B721EABEED3008E2C77 /* AppDelegate.swift */,
				A44CFF5A1EB0EE5E000E8FCA /* ViewController.swift */,
				A4062B761EABEED3008E2C77 /* Main.storyboard */,
				A46A00D01EB66E5E00AE0B18 /* HomeActivityTableViewCell.swift */,
				A416F15C1EB39EAA00F784C0 /* User */,
				A408AFFD1EB20210001D5130 /* Food */,
				A4F2B8191EACF69E0018D852 /* Activity */,
				A44CFF6C1EB0EEC4000E8FCA /* Calendar */,
				A48303681EABF3E6004A11E3 /* Supporting Files */,
			);
			path = FitApp;
			sourceTree = "<group>";
		};
		A408AFFD1EB20210001D5130 /* Food */ = {
			isa = PBXGroup;
			children = (
				A408AFFB1EB1FF13001D5130 /* SelectedFoodTableViewController.swift */,
				A408AFF91EB1FEA6001D5130 /* CreateMealTableViewController.swift */,
				A40DF2691EB1EEE400754585 /* AddFoodTableViewController.swift */,
				A408B0061EB27238001D5130 /* FoodTableViewCell.swift */,
				A408AFFE1EB211BF001D5130 /* LoadJSONFood.swift */,
				A44CFF6D1EB14970000E8FCA /* FoodClass.swift */,
				A44CFF6F1EB1498E000E8FCA /* Food.json */,
			);
			name = Food;
			sourceTree = "<group>";
		};
		A416F15C1EB39EAA00F784C0 /* User */ = {
			isa = PBXGroup;
			children = (
				A416F15A1EB39E8300F784C0 /* StartProfileTableViewController.swift */,
				A40AD29C1EB47E48007F23A7 /* UserProfileTableViewController.swift */,
				A416F15D1EB3A13B00F784C0 /* ResultsTableViewController.swift */,
				A416F1561EB36ECB00F784C0 /* UserProfileClass.swift */,
				A408B0041EB2683F001D5130 /* StartScreenViewController.swift */,
			);
			name = User;
			sourceTree = "<group>";
		};
		A44CFF6C1EB0EEC4000E8FCA /* Calendar */ = {
			isa = PBXGroup;
			children = (
				A44CFF591EB0EE5E000E8FCA /* PopupContainer.swift */,
				A44CFF5D1EB0EE5E000E8FCA /* CalendarPopUp.swift */,
				A44CFF5E1EB0EE5E000E8FCA /* CalendarPopUp.xib */,
				A44CFF5F1EB0EE5E000E8FCA /* CellView.xib */,
				A44CFF601EB0EE5E000E8FCA /* CellView.swift */,
				A44CFF611EB0EE5E000E8FCA /* AnimationClass.swift */,
				A44CFF621EB0EE5E000E8FCA /* Extensions.swift */,
			);
			name = Calendar;
			sourceTree = "<group>";
		};
		A48303681EABF3E6004A11E3 /* Supporting Files */ = {
			isa = PBXGroup;
			children = (
				A4062B791EABEED3008E2C77 /* Assets.xcassets */,
				A4062B7B1EABEED3008E2C77 /* LaunchScreen.storyboard */,
				A4062B7E1EABEED3008E2C77 /* Info.plist */,
			);
			name = "Supporting Files";
			sourceTree = "<group>";
		};
		A4F2B8191EACF69E0018D852 /* Activity */ = {
			isa = PBXGroup;
			children = (
				A408AFF71EB1FE6C001D5130 /* SelectedActivityTableViewController.swift */,
				A425E91B1EACC0CB0067DAE4 /* CreateActivityTableViewController.swift */,
				A48303691EABF429004A11E3 /* AddActivityTableViewController.swift */,
				A425E91D1EACC9D30067DAE4 /* ActivityTableViewCell.swift */,
				A425E9211EACE23C0067DAE4 /* LoadJSONActivities.swift */,
				A48303601EABF280004A11E3 /* ActivitiesClass.swift */,
				A44CFF211EAFB4AD000E8FCA /* Try.json */,
				A48303661EABF3CB004A11E3 /* ActivitiesBase.json */,
			);
			name = Activity;
			sourceTree = "<group>";
		};
		B0DAAFD061136B42B308C808 /* Frameworks */ = {
			isa = PBXGroup;
			children = (
				86B0239018E8BCCD4F031F37 /* Pods_FitApp.framework */,
			);
			name = Frameworks;
			sourceTree = "<group>";
		};
		DDA046E301E608BD83E8A81B /* Pods */ = {
			isa = PBXGroup;
			children = (
				BCEA9B290C1775A5467DFA55 /* Pods-FitApp.debug.xcconfig */,
				4F3EF680E88D78909BE6501B /* Pods-FitApp.release.xcconfig */,
			);
			name = Pods;
			sourceTree = "<group>";
		};
/* End PBXGroup section */

/* Begin PBXNativeTarget section */
		A4062B6E1EABEED2008E2C77 /* FitApp */ = {
			isa = PBXNativeTarget;
			buildConfigurationList = A4062B811EABEED3008E2C77 /* Build configuration list for PBXNativeTarget "FitApp" */;
			buildPhases = (
				38A127BC33D06C1CA94148CF /* [CP] Check Pods Manifest.lock */,
				A4062B6B1EABEED2008E2C77 /* Sources */,
				A4062B6C1EABEED2008E2C77 /* Frameworks */,
				A4062B6D1EABEED2008E2C77 /* Resources */,
				5D511791F2235171316C4D8A /* [CP] Embed Pods Frameworks */,
				A315DE9467A1EECC5C36EC71 /* [CP] Copy Pods Resources */,
			);
			buildRules = (
			);
			dependencies = (
			);
			name = FitApp;
			productName = FitApp;
			productReference = A4062B6F1EABEED3008E2C77 /* FitApp.app */;
			productType = "com.apple.product-type.application";
		};
/* End PBXNativeTarget section */

/* Begin PBXProject section */
		A4062B671EABEED1008E2C77 /* Project object */ = {
			isa = PBXProject;
			attributes = {
				LastSwiftUpdateCheck = 0820;
				LastUpgradeCheck = 0820;
				ORGANIZATIONNAME = "Kseniya Borokhovskaya";
				TargetAttributes = {
					A4062B6E1EABEED2008E2C77 = {
						CreatedOnToolsVersion = 8.2.1;
						ProvisioningStyle = Automatic;
					};
				};
			};
			buildConfigurationList = A4062B6A1EABEED1008E2C77 /* Build configuration list for PBXProject "LetFit" */;
			compatibilityVersion = "Xcode 3.2";
			developmentRegion = English;
			hasScannedForEncodings = 0;
			knownRegions = (
				en,
				Base,
			);
			mainGroup = A4062B661EABEED1008E2C77;
			productRefGroup = A4062B701EABEED3008E2C77 /* Products */;
			projectDirPath = "";
			projectRoot = "";
			targets = (
				A4062B6E1EABEED2008E2C77 /* FitApp */,
			);
		};
/* End PBXProject section */

/* Begin PBXResourcesBuildPhase section */
		A4062B6D1EABEED2008E2C77 /* Resources */ = {
			isa = PBXResourcesBuildPhase;
			buildActionMask = 2147483647;
			files = (
				A44CFF681EB0EE5E000E8FCA /* CellView.xib in Resources */,
				A44CFF701EB1498E000E8FCA /* Food.json in Resources */,
				A4062B7D1EABEED3008E2C77 /* LaunchScreen.storyboard in Resources */,
				A4062B7A1EABEED3008E2C77 /* Assets.xcassets in Resources */,
				A4062B781EABEED3008E2C77 /* Main.storyboard in Resources */,
				A48303671EABF3CB004A11E3 /* ActivitiesBase.json in Resources */,
				A44CFF221EAFB4AD000E8FCA /* Try.json in Resources */,
				A44CFF671EB0EE5E000E8FCA /* CalendarPopUp.xib in Resources */,
			);
			runOnlyForDeploymentPostprocessing = 0;
		};
/* End PBXResourcesBuildPhase section */

/* Begin PBXShellScriptBuildPhase section */
		38A127BC33D06C1CA94148CF /* [CP] Check Pods Manifest.lock */ = {
			isa = PBXShellScriptBuildPhase;
			buildActionMask = 2147483647;
			files = (
			);
			inputPaths = (
			);
			name = "[CP] Check Pods Manifest.lock";
			outputPaths = (
			);
			runOnlyForDeploymentPostprocessing = 0;
			shellPath = /bin/sh;
			shellScript = "diff \"${PODS_PODFILE_DIR_PATH}/Podfile.lock\" \"${PODS_ROOT}/Manifest.lock\" > /dev/null\nif [ $? != 0 ] ; then\n    # print error to STDERR\n    echo \"error: The sandbox is not in sync with the Podfile.lock. Run 'pod install' or update your CocoaPods installation.\" >&2\n    exit 1\nfi\n";
			showEnvVarsInLog = 0;
		};
		5D511791F2235171316C4D8A /* [CP] Embed Pods Frameworks */ = {
			isa = PBXShellScriptBuildPhase;
			buildActionMask = 2147483647;
			files = (
			);
			inputPaths = (
			);
			name = "[CP] Embed Pods Frameworks";
			outputPaths = (
			);
			runOnlyForDeploymentPostprocessing = 0;
			shellPath = /bin/sh;
			shellScript = "\"${SRCROOT}/FitApp/Pods/Target Support Files/Pods-FitApp/Pods-FitApp-frameworks.sh\"\n";
			showEnvVarsInLog = 0;
		};
		A315DE9467A1EECC5C36EC71 /* [CP] Copy Pods Resources */ = {
			isa = PBXShellScriptBuildPhase;
			buildActionMask = 2147483647;
			files = (
			);
			inputPaths = (
			);
			name = "[CP] Copy Pods Resources";
			outputPaths = (
			);
			runOnlyForDeploymentPostprocessing = 0;
			shellPath = /bin/sh;
			shellScript = "\"${SRCROOT}/FitApp/Pods/Target Support Files/Pods-FitApp/Pods-FitApp-resources.sh\"\n";
			showEnvVarsInLog = 0;
		};
/* End PBXShellScriptBuildPhase section */

/* Begin PBXSourcesBuildPhase section */
		A4062B6B1EABEED2008E2C77 /* Sources */ = {
			isa = PBXSourcesBuildPhase;
			buildActionMask = 2147483647;
			files = (
				A416F15E1EB3A13B00F784C0 /* ResultsTableViewController.swift in Sources */,
				A4062B731EABEED3008E2C77 /* AppDelegate.swift in Sources */,
				A483036A1EABF429004A11E3 /* AddActivityTableViewController.swift in Sources */,
				A40AD29D1EB47E48007F23A7 /* UserProfileTableViewController.swift in Sources */,
				A425E9221EACE23C0067DAE4 /* LoadJSONActivities.swift in Sources */,
				A44CFF631EB0EE5E000E8FCA /* PopupContainer.swift in Sources */,
				A40DF26A1EB1EEE400754585 /* AddFoodTableViewController.swift in Sources */,
				A44CFF6E1EB14970000E8FCA /* FoodClass.swift in Sources */,
				A44CFF661EB0EE5E000E8FCA /* CalendarPopUp.swift in Sources */,
				A46A00D11EB66E5E00AE0B18 /* HomeActivityTableViewCell.swift in Sources */,
				A44CFF641EB0EE5E000E8FCA /* ViewController.swift in Sources */,
				A416F15B1EB39E8300F784C0 /* StartProfileTableViewController.swift in Sources */,
				A408AFFA1EB1FEA6001D5130 /* CreateMealTableViewController.swift in Sources */,
				A408AFF81EB1FE6C001D5130 /* SelectedActivityTableViewController.swift in Sources */,
				A408B0031EB23CF9001D5130 /* RealmClassForStofingDailyData.swift in Sources */,
				A416F1571EB36ECB00F784C0 /* UserProfileClass.swift in Sources */,
				A408AFFC1EB1FF13001D5130 /* SelectedFoodTableViewController.swift in Sources */,
				A425E91E1EACC9D30067DAE4 /* ActivityTableViewCell.swift in Sources */,
				A44CFF691EB0EE5E000E8FCA /* CellView.swift in Sources */,
				A425E91C1EACC0CB0067DAE4 /* CreateActivityTableViewController.swift in Sources */,
				A48303611EABF280004A11E3 /* ActivitiesClass.swift in Sources */,
				A44CFF6A1EB0EE5E000E8FCA /* AnimationClass.swift in Sources */,
				A408B0071EB27238001D5130 /* FoodTableViewCell.swift in Sources */,
				A44CFF6B1EB0EE5E000E8FCA /* Extensions.swift in Sources */,
				A408AFFF1EB211BF001D5130 /* LoadJSONFood.swift in Sources */,
				A408B0051EB2683F001D5130 /* StartScreenViewController.swift in Sources */,
			);
			runOnlyForDeploymentPostprocessing = 0;
		};
/* End PBXSourcesBuildPhase section */

/* Begin PBXVariantGroup section */
		A4062B761EABEED3008E2C77 /* Main.storyboard */ = {
			isa = PBXVariantGroup;
			children = (
				A4062B771EABEED3008E2C77 /* Base */,
			);
			name = Main.storyboard;
			sourceTree = "<group>";
		};
		A4062B7B1EABEED3008E2C77 /* LaunchScreen.storyboard */ = {
			isa = PBXVariantGroup;
			children = (
				A4062B7C1EABEED3008E2C77 /* Base */,
			);
			name = LaunchScreen.storyboard;
			sourceTree = "<group>";
		};
/* End PBXVariantGroup section */

/* Begin XCBuildConfiguration section */
		A4062B7F1EABEED3008E2C77 /* Debug */ = {
			isa = XCBuildConfiguration;
			buildSettings = {
				ALWAYS_SEARCH_USER_PATHS = NO;
				CLANG_ANALYZER_NONNULL = YES;
				CLANG_CXX_LANGUAGE_STANDARD = "gnu++0x";
				CLANG_CXX_LIBRARY = "libc++";
				CLANG_ENABLE_MODULES = YES;
				CLANG_ENABLE_OBJC_ARC = YES;
				CLANG_WARN_BOOL_CONVERSION = YES;
				CLANG_WARN_CONSTANT_CONVERSION = YES;
				CLANG_WARN_DIRECT_OBJC_ISA_USAGE = YES_ERROR;
				CLANG_WARN_DOCUMENTATION_COMMENTS = YES;
				CLANG_WARN_EMPTY_BODY = YES;
				CLANG_WARN_ENUM_CONVERSION = YES;
				CLANG_WARN_INFINITE_RECURSION = YES;
				CLANG_WARN_INT_CONVERSION = YES;
				CLANG_WARN_OBJC_ROOT_CLASS = YES_ERROR;
				CLANG_WARN_SUSPICIOUS_MOVE = YES;
				CLANG_WARN_UNREACHABLE_CODE = YES;
				CLANG_WARN__DUPLICATE_METHOD_MATCH = YES;
				"CODE_SIGN_IDENTITY[sdk=iphoneos*]" = "iPhone Developer";
				COPY_PHASE_STRIP = NO;
				DEBUG_INFORMATION_FORMAT = dwarf;
				ENABLE_STRICT_OBJC_MSGSEND = YES;
				ENABLE_TESTABILITY = YES;
				GCC_C_LANGUAGE_STANDARD = gnu99;
				GCC_DYNAMIC_NO_PIC = NO;
				GCC_NO_COMMON_BLOCKS = YES;
				GCC_OPTIMIZATION_LEVEL = 0;
				GCC_PREPROCESSOR_DEFINITIONS = (
					"DEBUG=1",
					"$(inherited)",
				);
				GCC_WARN_64_TO_32_BIT_CONVERSION = YES;
				GCC_WARN_ABOUT_RETURN_TYPE = YES_ERROR;
				GCC_WARN_UNDECLARED_SELECTOR = YES;
				GCC_WARN_UNINITIALIZED_AUTOS = YES_AGGRESSIVE;
				GCC_WARN_UNUSED_FUNCTION = YES;
				GCC_WARN_UNUSED_VARIABLE = YES;
				IPHONEOS_DEPLOYMENT_TARGET = 10.2;
				MTL_ENABLE_DEBUG_INFO = YES;
				ONLY_ACTIVE_ARCH = YES;
				SDKROOT = iphoneos;
				SWIFT_ACTIVE_COMPILATION_CONDITIONS = DEBUG;
				SWIFT_OPTIMIZATION_LEVEL = "-Onone";
			};
			name = Debug;
		};
		A4062B801EABEED3008E2C77 /* Release */ = {
			isa = XCBuildConfiguration;
			buildSettings = {
				ALWAYS_SEARCH_USER_PATHS = NO;
				CLANG_ANALYZER_NONNULL = YES;
				CLANG_CXX_LANGUAGE_STANDARD = "gnu++0x";
				CLANG_CXX_LIBRARY = "libc++";
				CLANG_ENABLE_MODULES = YES;
				CLANG_ENABLE_OBJC_ARC = YES;
				CLANG_WARN_BOOL_CONVERSION = YES;
				CLANG_WARN_CONSTANT_CONVERSION = YES;
				CLANG_WARN_DIRECT_OBJC_ISA_USAGE = YES_ERROR;
				CLANG_WARN_DOCUMENTATION_COMMENTS = YES;
				CLANG_WARN_EMPTY_BODY = YES;
				CLANG_WARN_ENUM_CONVERSION = YES;
				CLANG_WARN_INFINITE_RECURSION = YES;
				CLANG_WARN_INT_CONVERSION = YES;
				CLANG_WARN_OBJC_ROOT_CLASS = YES_ERROR;
				CLANG_WARN_SUSPICIOUS_MOVE = YES;
				CLANG_WARN_UNREACHABLE_CODE = YES;
				CLANG_WARN__DUPLICATE_METHOD_MATCH = YES;
				"CODE_SIGN_IDENTITY[sdk=iphoneos*]" = "iPhone Developer";
				COPY_PHASE_STRIP = NO;
				DEBUG_INFORMATION_FORMAT = "dwarf-with-dsym";
				ENABLE_NS_ASSERTIONS = NO;
				ENABLE_STRICT_OBJC_MSGSEND = YES;
				GCC_C_LANGUAGE_STANDARD = gnu99;
				GCC_NO_COMMON_BLOCKS = YES;
				GCC_WARN_64_TO_32_BIT_CONVERSION = YES;
				GCC_WARN_ABOUT_RETURN_TYPE = YES_ERROR;
				GCC_WARN_UNDECLARED_SELECTOR = YES;
				GCC_WARN_UNINITIALIZED_AUTOS = YES_AGGRESSIVE;
				GCC_WARN_UNUSED_FUNCTION = YES;
				GCC_WARN_UNUSED_VARIABLE = YES;
				IPHONEOS_DEPLOYMENT_TARGET = 10.2;
				MTL_ENABLE_DEBUG_INFO = NO;
				SDKROOT = iphoneos;
				SWIFT_OPTIMIZATION_LEVEL = "-Owholemodule";
				VALIDATE_PRODUCT = YES;
			};
			name = Release;
		};
		A4062B821EABEED3008E2C77 /* Debug */ = {
			isa = XCBuildConfiguration;
			baseConfigurationReference = BCEA9B290C1775A5467DFA55 /* Pods-FitApp.debug.xcconfig */;
			buildSettings = {
				ASSETCATALOG_COMPILER_APPICON_NAME = AppIcon;
				INFOPLIST_FILE = FitApp/Info.plist;
				LD_RUNPATH_SEARCH_PATHS = "$(inherited) @executable_path/Frameworks";
				PRODUCT_BUNDLE_IDENTIFIER = borokhovskayaLTD.FitApp;
				PRODUCT_NAME = "$(TARGET_NAME)";
				SWIFT_VERSION = 3.0;
			};
			name = Debug;
		};
		A4062B831EABEED3008E2C77 /* Release */ = {
			isa = XCBuildConfiguration;
			baseConfigurationReference = 4F3EF680E88D78909BE6501B /* Pods-FitApp.release.xcconfig */;
			buildSettings = {
				ASSETCATALOG_COMPILER_APPICON_NAME = AppIcon;
				INFOPLIST_FILE = FitApp/Info.plist;
				LD_RUNPATH_SEARCH_PATHS = "$(inherited) @executable_path/Frameworks";
				PRODUCT_BUNDLE_IDENTIFIER = borokhovskayaLTD.FitApp;
				PRODUCT_NAME = "$(TARGET_NAME)";
				SWIFT_VERSION = 3.0;
			};
			name = Release;
		};
/* End XCBuildConfiguration section */

/* Begin XCConfigurationList section */
		A4062B6A1EABEED1008E2C77 /* Build configuration list for PBXProject "LetFit" */ = {
			isa = XCConfigurationList;
			buildConfigurations = (
				A4062B7F1EABEED3008E2C77 /* Debug */,
				A4062B801EABEED3008E2C77 /* Release */,
			);
			defaultConfigurationIsVisible = 0;
			defaultConfigurationName = Release;
		};
		A4062B811EABEED3008E2C77 /* Build configuration list for PBXNativeTarget "FitApp" */ = {
			isa = XCConfigurationList;
			buildConfigurations = (
				A4062B821EABEED3008E2C77 /* Debug */,
				A4062B831EABEED3008E2C77 /* Release */,
			);
			defaultConfigurationIsVisible = 0;
			defaultConfigurationName = Release;
		};
/* End XCConfigurationList section */
	};
	rootObject = A4062B671EABEED1008E2C77 /* Project object */;
}
